
Microsoft Visual Studio Solution File, Format Version 12.00
# Visual Studio Version 17
VisualStudioVersion = 17.7.34221.43
MinimumVisualStudioVersion = 10.0.40219.1
Project("{FAE04EC0-301F-11D3-BF4B-00C04F79EFBC}") = "IndexerExtensionTask", "IndexerExtensionTask.csproj", "{A9A8C249-81A5-4ACD-AE45-D97CBA144690}"
EndProject
Global
	GlobalSection(SolutionConfigurationPlatforms) = preSolution
		Debug|Any CPU = Debug|Any CPU
		Release|Any CPU = Release|Any CPU
	EndGlobalSection
	GlobalSection(ProjectConfigurationPlatforms) = postSolution
		{A9A8C249-81A5-4ACD-AE45-D97CBA144690}.Debug|Any CPU.ActiveCfg = Debug|Any CPU
		{A9A8C249-81A5-4ACD-AE45-D97CBA144690}.Debug|Any CPU.Build.0 = Debug|Any CPU
		{A9A8C249-81A5-4ACD-AE45-D97CBA144690}.Release|Any CPU.ActiveCfg = Release|Any CPU
		{A9A8C249-81A5-4ACD-AE45-D97CBA144690}.Release|Any CPU.Build.0 = Release|Any CPU
	EndGlobalSection
	GlobalSection(SolutionProperties) = preSolution
		HideSolutionNode = FALSE
	EndGlobalSection
	GlobalSection(ExtensibilityGlobals) = postSolution
		SolutionGuid = {5B72006C-027C-47A9-A586-3E2C2C106C2D}
	EndGlobalSection
EndGlobal
